
Microsoft Visual Studio Solution File, Format Version 12.00
# Visual Studio Version 17
VisualStudioVersion = 17.5.002.0
MinimumVisualStudioVersion = 10.0.40219.1
Project("{9A19103F-16F7-4668-BE54-9A1E7A4F7556}") = "PortalTalk.AutomationTest", "PortalTalk.AutomationTest.csproj", "{73913959-E20B-4F3E-8636-AEB128D7ED78}"
EndProject
Global
	GlobalSection(SolutionConfigurationPlatforms) = preSolution
		Debug|Any CPU = Debug|Any CPU
		Release|Any CPU = Release|Any CPU
	EndGlobalSection
	GlobalSection(ProjectConfigurationPlatforms) = postSolution
		{73913959-E20B-4F3E-8636-AEB128D7ED78}.Debug|Any CPU.ActiveCfg = Debug|Any CPU
		{73913959-E20B-4F3E-8636-AEB128D7ED78}.Debug|Any CPU.Build.0 = Debug|Any CPU
		{73913959-E20B-4F3E-8636-AEB128D7ED78}.Release|Any CPU.ActiveCfg = Release|Any CPU
		{73913959-E20B-4F3E-8636-AEB128D7ED78}.Release|Any CPU.Build.0 = Release|Any CPU
	EndGlobalSection
	GlobalSection(SolutionProperties) = preSolution
		HideSolutionNode = FALSE
	EndGlobalSection
	GlobalSection(ExtensibilityGlobals) = postSolution
		SolutionGuid = {B08DAE8F-BB79-4790-8EBF-83F9472B2E1E}
	EndGlobalSection
EndGlobal
